
Microsoft Visual Studio Solution File, Format Version 12.00
# Visual Studio Version 16
VisualStudioVersion = 16.0.30323.103
MinimumVisualStudioVersion = 10.0.40219.1
Project("{9A19103F-16F7-4668-BE54-9A1E7A4F7556}") = "Cookie Project Example", "Cooke Project Example\Cookie Project Example.csproj", "{AEB0D6D6-C14F-4F4B-95D8-03CDBFFF7AF5}"
EndProject
Global
	GlobalSection(SolutionConfigurationPlatforms) = preSolution
		Debug|Any CPU = Debug|Any CPU
		Release|Any CPU = Release|Any CPU
	EndGlobalSection
	GlobalSection(ProjectConfigurationPlatforms) = postSolution
		{AEB0D6D6-C14F-4F4B-95D8-03CDBFFF7AF5}.Debug|Any CPU.ActiveCfg = Debug|Any CPU
		{AEB0D6D6-C14F-4F4B-95D8-03CDBFFF7AF5}.Debug|Any CPU.Build.0 = Debug|Any CPU
		{AEB0D6D6-C14F-4F4B-95D8-03CDBFFF7AF5}.Release|Any CPU.ActiveCfg = Release|Any CPU
		{AEB0D6D6-C14F-4F4B-95D8-03CDBFFF7AF5}.Release|Any CPU.Build.0 = Release|Any CPU
	EndGlobalSection
	GlobalSection(SolutionProperties) = preSolution
		HideSolutionNode = FALSE
	EndGlobalSection
	GlobalSection(ExtensibilityGlobals) = postSolution
		SolutionGuid = {1D17FC76-99FE-4482-BA1A-3595DBAF051E}
	EndGlobalSection
EndGlobal
